// !$*UTF8*$!
{
	archiveVersion = 1;
	classes = {
	};
	objectVersion = 46;
	objects = {

/* Begin PBXBuildFile section */
		5040D519169A0CBD00ABB956 /* Cocoa.framework in Frameworks */ = {isa = PBXBuildFile; fileRef = 5040D518169A0CBD00ABB956 /* Cocoa.framework */; };
		5040D523169A0CBD00ABB956 /* InfoPlist.strings in Resources */ = {isa = PBXBuildFile; fileRef = 5040D521169A0CBD00ABB956 /* InfoPlist.strings */; };
		5040D525169A0CBD00ABB956 /* main.m in Sources */ = {isa = PBXBuildFile; fileRef = 5040D524169A0CBD00ABB956 /* main.m */; };
		5040D529169A0CBD00ABB956 /* Credits.rtf in Resources */ = {isa = PBXBuildFile; fileRef = 5040D527169A0CBD00ABB956 /* Credits.rtf */; };
		5040D52C169A0CBD00ABB956 /* AppDelegate.m in Sources */ = {isa = PBXBuildFile; fileRef = 5040D52B169A0CBD00ABB956 /* AppDelegate.m */; };
		5040D52F169A0CBE00ABB956 /* MainMenu.xib in Resources */ = {isa = PBXBuildFile; fileRef = 5040D52D169A0CBE00ABB956 /* MainMenu.xib */; };
		5040D537169A0CBE00ABB956 /* SenTestingKit.framework in Frameworks */ = {isa = PBXBuildFile; fileRef = 5040D536169A0CBE00ABB956 /* SenTestingKit.framework */; };
		5040D538169A0CBE00ABB956 /* Cocoa.framework in Frameworks */ = {isa = PBXBuildFile; fileRef = 5040D518169A0CBD00ABB956 /* Cocoa.framework */; };
		5040D540169A0CBE00ABB956 /* InfoPlist.strings in Resources */ = {isa = PBXBuildFile; fileRef = 5040D53E169A0CBE00ABB956 /* InfoPlist.strings */; };
		5040D543169A0CBE00ABB956 /* Feed_The_Mouse_Level_EditorTests.m in Sources */ = {isa = PBXBuildFile; fileRef = 5040D542169A0CBE00ABB956 /* Feed_The_Mouse_Level_EditorTests.m */; };
		5040D553169A26FC00ABB956 /* GearButton.m in Sources */ = {isa = PBXBuildFile; fileRef = 5040D552169A26FC00ABB956 /* GearButton.m */; };
		50CB1FD916A1B3E400310C4F /* MainWindow.m in Sources */ = {isa = PBXBuildFile; fileRef = 50CB1FD816A1B3E400310C4F /* MainWindow.m */; };
		50CB1FEF16A1E7AB00310C4F /* QuartzCore.framework in Frameworks */ = {isa = PBXBuildFile; fileRef = 50CB1FEE16A1E7AB00310C4F /* QuartzCore.framework */; };
		50CB202E16A1ED3500310C4F /* background_1.png in Resources */ = {isa = PBXBuildFile; fileRef = 50CB1FF516A1ED3400310C4F /* background_1.png */; };
		50CB202F16A1ED3500310C4F /* background_2.png in Resources */ = {isa = PBXBuildFile; fileRef = 50CB1FF616A1ED3400310C4F /* background_2.png */; };
		50CB203016A1ED3500310C4F /* background_3.png in Resources */ = {isa = PBXBuildFile; fileRef = 50CB1FF716A1ED3400310C4F /* background_3.png */; };
		50CB203116A1ED3500310C4F /* background_4.png in Resources */ = {isa = PBXBuildFile; fileRef = 50CB1FF816A1ED3400310C4F /* background_4.png */; };
		50CB203216A1ED3500310C4F /* cheese.png in Resources */ = {isa = PBXBuildFile; fileRef = 50CB1FF916A1ED3400310C4F /* cheese.png */; };
		50CB203316A1ED3500310C4F /* MouseBlink.png in Resources */ = {isa = PBXBuildFile; fileRef = 50CB1FFA16A1ED3400310C4F /* MouseBlink.png */; };
		50CB203416A1ED3500310C4F /* MouseChew.png in Resources */ = {isa = PBXBuildFile; fileRef = 50CB1FFB16A1ED3400310C4F /* MouseChew.png */; };
		50CB203516A1ED3500310C4F /* MouseCloseMouth.PNG in Resources */ = {isa = PBXBuildFile; fileRef = 50CB1FFC16A1ED3400310C4F /* MouseCloseMouth.PNG */; };
		50CB203616A1ED3500310C4F /* MouseOpenMouth.png in Resources */ = {isa = PBXBuildFile; fileRef = 50CB1FFD16A1ED3400310C4F /* MouseOpenMouth.png */; };
		50CB203716A1ED3500310C4F /* MouseSad.png in Resources */ = {isa = PBXBuildFile; fileRef = 50CB1FFE16A1ED3400310C4F /* MouseSad.png */; };
		50CB203816A1ED3500310C4F /* MouseWait.png in Resources */ = {isa = PBXBuildFile; fileRef = 50CB1FFF16A1ED3400310C4F /* MouseWait.png */; };
		50CB203916A1ED3500310C4F /* MouseWaitOpen.png in Resources */ = {isa = PBXBuildFile; fileRef = 50CB200016A1ED3400310C4F /* MouseWaitOpen.png */; };
		50CB203A16A1ED3500310C4F /* newclosemouthsheet.png in Resources */ = {isa = PBXBuildFile; fileRef = 50CB200116A1ED3400310C4F /* newclosemouthsheet.png */; };
		50CB203B16A1ED3500310C4F /* newopenmouthsheet.png in Resources */ = {isa = PBXBuildFile; fileRef = 50CB200216A1ED3400310C4F /* newopenmouthsheet.png */; };
		50CB203C16A1ED3500310C4F /* Drum.png in Resources */ = {isa = PBXBuildFile; fileRef = 50CB200516A1ED3400310C4F /* Drum.png */; };
		50CB203D16A1ED3500310C4F /* drum_face_left.png in Resources */ = {isa = PBXBuildFile; fileRef = 50CB200616A1ED3400310C4F /* drum_face_left.png */; };
		50CB203E16A1ED3500310C4F /* drum_face_right.png in Resources */ = {isa = PBXBuildFile; fileRef = 50CB200716A1ED3400310C4F /* drum_face_right.png */; };
		50CB203F16A1ED3500310C4F /* drum_flat.png in Resources */ = {isa = PBXBuildFile; fileRef = 50CB200816A1ED3400310C4F /* drum_flat.png */; };
		50CB204016A1ED3500310C4F /* DrumsSheet.PNG in Resources */ = {isa = PBXBuildFile; fileRef = 50CB200916A1ED3400310C4F /* DrumsSheet.PNG */; };
		50CB204116A1ED3500310C4F /* flipper_blue.png in Resources */ = {isa = PBXBuildFile; fileRef = 50CB200B16A1ED3400310C4F /* flipper_blue.png */; };
		50CB204216A1ED3500310C4F /* flipper_blue_grey.png in Resources */ = {isa = PBXBuildFile; fileRef = 50CB200C16A1ED3400310C4F /* flipper_blue_grey.png */; };
		50CB204316A1ED3500310C4F /* flipper_green.png in Resources */ = {isa = PBXBuildFile; fileRef = 50CB200D16A1ED3400310C4F /* flipper_green.png */; };
		50CB204416A1ED3500310C4F /* flipper_green_grey.png in Resources */ = {isa = PBXBuildFile; fileRef = 50CB200E16A1ED3400310C4F /* flipper_green_grey.png */; };
		50CB204516A1ED3500310C4F /* flipper_purple.png in Resources */ = {isa = PBXBuildFile; fileRef = 50CB200F16A1ED3400310C4F /* flipper_purple.png */; };
		50CB204616A1ED3500310C4F /* flipper_purple_grey.png in Resources */ = {isa = PBXBuildFile; fileRef = 50CB201016A1ED3400310C4F /* flipper_purple_grey.png */; };
		50CB204716A1ED3500310C4F /* flipper_yellow.png in Resources */ = {isa = PBXBuildFile; fileRef = 50CB201116A1ED3400310C4F /* flipper_yellow.png */; };
		50CB204816A1ED3500310C4F /* flipper_yellow_grey.png in Resources */ = {isa = PBXBuildFile; fileRef = 50CB201216A1ED3400310C4F /* flipper_yellow_grey.png */; };
		50CB204916A1ED3500310C4F /* gear_blue.png in Resources */ = {isa = PBXBuildFile; fileRef = 50CB201416A1ED3400310C4F /* gear_blue.png */; };
		50CB204A16A1ED3500310C4F /* gear_orange.png in Resources */ = {isa = PBXBuildFile; fileRef = 50CB201516A1ED3400310C4F /* gear_orange.png */; };
		50CB204B16A1ED3500310C4F /* gear_purple.png in Resources */ = {isa = PBXBuildFile; fileRef = 50CB201616A1ED3400310C4F /* gear_purple.png */; };
		50CB204C16A1ED3500310C4F /* gear_red.png in Resources */ = {isa = PBXBuildFile; fileRef = 50CB201716A1ED3400310C4F /* gear_red.png */; };
		50CB204D16A1ED3500310C4F /* small_gear_blue.png in Resources */ = {isa = PBXBuildFile; fileRef = 50CB201816A1ED3400310C4F /* small_gear_blue.png */; };
		50CB204E16A1ED3500310C4F /* small_gear_orange.png in Resources */ = {isa = PBXBuildFile; fileRef = 50CB201916A1ED3400310C4F /* small_gear_orange.png */; };
		50CB204F16A1ED3500310C4F /* small_gear_purple.png in Resources */ = {isa = PBXBuildFile; fileRef = 50CB201A16A1ED3400310C4F /* small_gear_purple.png */; };
		50CB205016A1ED3500310C4F /* small_gear_red.png in Resources */ = {isa = PBXBuildFile; fileRef = 50CB201B16A1ED3400310C4F /* small_gear_red.png */; };
		50CB205116A1ED3500310C4F /* small_star.png in Resources */ = {isa = PBXBuildFile; fileRef = 50CB201D16A1ED3400310C4F /* small_star.png */; };
		50CB205216A1ED3500310C4F /* small_star_flash.png in Resources */ = {isa = PBXBuildFile; fileRef = 50CB201E16A1ED3400310C4F /* small_star_flash.png */; };
		50CB205316A1ED3500310C4F /* star_slider.png in Resources */ = {isa = PBXBuildFile; fileRef = 50CB201F16A1ED3400310C4F /* star_slider.png */; };
		50CB205416A1ED3500310C4F /* star.mat in Resources */ = {isa = PBXBuildFile; fileRef = 50CB202116A1ED3400310C4F /* star.mat */; };
		50CB205516A1ED3500310C4F /* star.png in Resources */ = {isa = PBXBuildFile; fileRef = 50CB202216A1ED3400310C4F /* star.png */; };
		50CB205616A1ED3500310C4F /* teeter_blue.png in Resources */ = {isa = PBXBuildFile; fileRef = 50CB202416A1ED3400310C4F /* teeter_blue.png */; };
		50CB205716A1ED3500310C4F /* teeter_blue_grey.png in Resources */ = {isa = PBXBuildFile; fileRef = 50CB202516A1ED3400310C4F /* teeter_blue_grey.png */; };
		50CB205816A1ED3500310C4F /* teeter_green.png in Resources */ = {isa = PBXBuildFile; fileRef = 50CB202616A1ED3400310C4F /* teeter_green.png */; };
		50CB205916A1ED3500310C4F /* teeter_green_grey.png in Resources */ = {isa = PBXBuildFile; fileRef = 50CB202716A1ED3400310C4F /* teeter_green_grey.png */; };
		50CB205A16A1ED3500310C4F /* teeter_purple.png in Resources */ = {isa = PBXBuildFile; fileRef = 50CB202816A1ED3400310C4F /* teeter_purple.png */; };
		50CB205B16A1ED3500310C4F /* teeter_purple_grey.png in Resources */ = {isa = PBXBuildFile; fileRef = 50CB202916A1ED3400310C4F /* teeter_purple_grey.png */; };
		50CB205C16A1ED3500310C4F /* teeter_totter.png in Resources */ = {isa = PBXBuildFile; fileRef = 50CB202A16A1ED3400310C4F /* teeter_totter.png */; };
		50CB205D16A1ED3500310C4F /* teeter_totter_grey.png in Resources */ = {isa = PBXBuildFile; fileRef = 50CB202B16A1ED3400310C4F /* teeter_totter_grey.png */; };
		50CB205E16A1ED3500310C4F /* teeter_yellow.png in Resources */ = {isa = PBXBuildFile; fileRef = 50CB202C16A1ED3400310C4F /* teeter_yellow.png */; };
		50CB205F16A1ED3500310C4F /* teeter_yellow_grey.png in Resources */ = {isa = PBXBuildFile; fileRef = 50CB202D16A1ED3400310C4F /* teeter_yellow_grey.png */; };
/* End PBXBuildFile section */

/* Begin PBXContainerItemProxy section */
		5040D539169A0CBE00ABB956 /* PBXContainerItemProxy */ = {
			isa = PBXContainerItemProxy;
			containerPortal = 5040D50B169A0CBD00ABB956 /* Project object */;
			proxyType = 1;
			remoteGlobalIDString = 5040D513169A0CBD00ABB956;
			remoteInfo = "Feed The Mouse Level Editor";
		};
/* End PBXContainerItemProxy section */

/* Begin PBXFileReference section */
		5040D514169A0CBD00ABB956 /* Feed The Mouse Level Editor.app */ = {isa = PBXFileReference; explicitFileType = wrapper.application; includeInIndex = 0; path = "Feed The Mouse Level Editor.app"; sourceTree = BUILT_PRODUCTS_DIR; };
		5040D518169A0CBD00ABB956 /* Cocoa.framework */ = {isa = PBXFileReference; lastKnownFileType = wrapper.framework; name = Cocoa.framework; path = System/Library/Frameworks/Cocoa.framework; sourceTree = SDKROOT; };
		5040D51B169A0CBD00ABB956 /* AppKit.framework */ = {isa = PBXFileReference; lastKnownFileType = wrapper.framework; name = AppKit.framework; path = System/Library/Frameworks/AppKit.framework; sourceTree = SDKROOT; };
		5040D51C169A0CBD00ABB956 /* CoreData.framework */ = {isa = PBXFileReference; lastKnownFileType = wrapper.framework; name = CoreData.framework; path = System/Library/Frameworks/CoreData.framework; sourceTree = SDKROOT; };
		5040D51D169A0CBD00ABB956 /* Foundation.framework */ = {isa = PBXFileReference; lastKnownFileType = wrapper.framework; name = Foundation.framework; path = System/Library/Frameworks/Foundation.framework; sourceTree = SDKROOT; };
		5040D520169A0CBD00ABB956 /* Feed The Mouse Level Editor-Info.plist */ = {isa = PBXFileReference; lastKnownFileType = text.plist.xml; path = "Feed The Mouse Level Editor-Info.plist"; sourceTree = "<group>"; };
		5040D522169A0CBD00ABB956 /* en */ = {isa = PBXFileReference; lastKnownFileType = text.plist.strings; name = en; path = en.lproj/InfoPlist.strings; sourceTree = "<group>"; };
		5040D524169A0CBD00ABB956 /* main.m */ = {isa = PBXFileReference; lastKnownFileType = sourcecode.c.objc; path = main.m; sourceTree = "<group>"; };
		5040D526169A0CBD00ABB956 /* Feed The Mouse Level Editor-Prefix.pch */ = {isa = PBXFileReference; lastKnownFileType = sourcecode.c.h; path = "Feed The Mouse Level Editor-Prefix.pch"; sourceTree = "<group>"; };
		5040D528169A0CBD00ABB956 /* en */ = {isa = PBXFileReference; lastKnownFileType = text.rtf; name = en; path = en.lproj/Credits.rtf; sourceTree = "<group>"; };
		5040D52A169A0CBD00ABB956 /* AppDelegate.h */ = {isa = PBXFileReference; lastKnownFileType = sourcecode.c.h; path = AppDelegate.h; sourceTree = "<group>"; };
		5040D52B169A0CBD00ABB956 /* AppDelegate.m */ = {isa = PBXFileReference; lastKnownFileType = sourcecode.c.objc; path = AppDelegate.m; sourceTree = "<group>"; };
		5040D52E169A0CBE00ABB956 /* en */ = {isa = PBXFileReference; lastKnownFileType = file.xib; name = en; path = en.lproj/MainMenu.xib; sourceTree = "<group>"; };
		5040D535169A0CBE00ABB956 /* Feed The Mouse Level EditorTests.octest */ = {isa = PBXFileReference; explicitFileType = wrapper.cfbundle; includeInIndex = 0; path = "Feed The Mouse Level EditorTests.octest"; sourceTree = BUILT_PRODUCTS_DIR; };
		5040D536169A0CBE00ABB956 /* SenTestingKit.framework */ = {isa = PBXFileReference; lastKnownFileType = wrapper.framework; name = SenTestingKit.framework; path = Library/Frameworks/SenTestingKit.framework; sourceTree = DEVELOPER_DIR; };
		5040D53D169A0CBE00ABB956 /* Feed The Mouse Level EditorTests-Info.plist */ = {isa = PBXFileReference; lastKnownFileType = text.plist.xml; path = "Feed The Mouse Level EditorTests-Info.plist"; sourceTree = "<group>"; };
		5040D53F169A0CBE00ABB956 /* en */ = {isa = PBXFileReference; lastKnownFileType = text.plist.strings; name = en; path = en.lproj/InfoPlist.strings; sourceTree = "<group>"; };
		5040D541169A0CBE00ABB956 /* Feed_The_Mouse_Level_EditorTests.h */ = {isa = PBXFileReference; lastKnownFileType = sourcecode.c.h; path = Feed_The_Mouse_Level_EditorTests.h; sourceTree = "<group>"; };
		5040D542169A0CBE00ABB956 /* Feed_The_Mouse_Level_EditorTests.m */ = {isa = PBXFileReference; lastKnownFileType = sourcecode.c.objc; path = Feed_The_Mouse_Level_EditorTests.m; sourceTree = "<group>"; };
		5040D551169A26FC00ABB956 /* GearButton.h */ = {isa = PBXFileReference; fileEncoding = 4; lastKnownFileType = sourcecode.c.h; path = GearButton.h; sourceTree = "<group>"; };
		5040D552169A26FC00ABB956 /* GearButton.m */ = {isa = PBXFileReference; fileEncoding = 4; lastKnownFileType = sourcecode.c.objc; path = GearButton.m; sourceTree = "<group>"; };
		50CB1FD716A1B3E400310C4F /* MainWindow.h */ = {isa = PBXFileReference; fileEncoding = 4; lastKnownFileType = sourcecode.c.h; path = MainWindow.h; sourceTree = "<group>"; };
		50CB1FD816A1B3E400310C4F /* MainWindow.m */ = {isa = PBXFileReference; fileEncoding = 4; lastKnownFileType = sourcecode.c.objc; path = MainWindow.m; sourceTree = "<group>"; };
		50CB1FEE16A1E7AB00310C4F /* QuartzCore.framework */ = {isa = PBXFileReference; lastKnownFileType = wrapper.framework; name = QuartzCore.framework; path = System/Library/Frameworks/QuartzCore.framework; sourceTree = SDKROOT; };
		50CB1FF516A1ED3400310C4F /* background_1.png */ = {isa = PBXFileReference; lastKnownFileType = image.png; path = background_1.png; sourceTree = "<group>"; };
		50CB1FF616A1ED3400310C4F /* background_2.png */ = {isa = PBXFileReference; lastKnownFileType = image.png; path = background_2.png; sourceTree = "<group>"; };
		50CB1FF716A1ED3400310C4F /* background_3.png */ = {isa = PBXFileReference; lastKnownFileType = image.png; path = background_3.png; sourceTree = "<group>"; };
		50CB1FF816A1ED3400310C4F /* background_4.png */ = {isa = PBXFileReference; lastKnownFileType = image.png; path = background_4.png; sourceTree = "<group>"; };
		50CB1FF916A1ED3400310C4F /* cheese.png */ = {isa = PBXFileReference; lastKnownFileType = image.png; name = cheese.png; path = images/cheese.png; sourceTree = "<group>"; };
		50CB1FFA16A1ED3400310C4F /* MouseBlink.png */ = {isa = PBXFileReference; lastKnownFileType = image.png; name = MouseBlink.png; path = images/MouseBlink.png; sourceTree = "<group>"; };
		50CB1FFB16A1ED3400310C4F /* MouseChew.png */ = {isa = PBXFileReference; lastKnownFileType = image.png; name = MouseChew.png; path = images/MouseChew.png; sourceTree = "<group>"; };
		50CB1FFC16A1ED3400310C4F /* MouseCloseMouth.PNG */ = {isa = PBXFileReference; lastKnownFileType = image.png; name = MouseCloseMouth.PNG; path = images/MouseCloseMouth.PNG; sourceTree = "<group>"; };
		50CB1FFD16A1ED3400310C4F /* MouseOpenMouth.png */ = {isa = PBXFileReference; lastKnownFileType = image.png; name = MouseOpenMouth.png; path = images/MouseOpenMouth.png; sourceTree = "<group>"; };
		50CB1FFE16A1ED3400310C4F /* MouseSad.png */ = {isa = PBXFileReference; lastKnownFileType = image.png; name = MouseSad.png; path = images/MouseSad.png; sourceTree = "<group>"; };
		50CB1FFF16A1ED3400310C4F /* MouseWait.png */ = {isa = PBXFileReference; lastKnownFileType = image.png; name = MouseWait.png; path = images/MouseWait.png; sourceTree = "<group>"; };
		50CB200016A1ED3400310C4F /* MouseWaitOpen.png */ = {isa = PBXFileReference; lastKnownFileType = image.png; name = MouseWaitOpen.png; path = images/MouseWaitOpen.png; sourceTree = "<group>"; };
		50CB200116A1ED3400310C4F /* newclosemouthsheet.png */ = {isa = PBXFileReference; lastKnownFileType = image.png; name = newclosemouthsheet.png; path = images/newclosemouthsheet.png; sourceTree = "<group>"; };
		50CB200216A1ED3400310C4F /* newopenmouthsheet.png */ = {isa = PBXFileReference; lastKnownFileType = image.png; name = newopenmouthsheet.png; path = images/newopenmouthsheet.png; sourceTree = "<group>"; };
		50CB200516A1ED3400310C4F /* Drum.png */ = {isa = PBXFileReference; lastKnownFileType = image.png; path = Drum.png; sourceTree = "<group>"; };
		50CB200616A1ED3400310C4F /* drum_face_left.png */ = {isa = PBXFileReference; lastKnownFileType = image.png; path = drum_face_left.png; sourceTree = "<group>"; };
		50CB200716A1ED3400310C4F /* drum_face_right.png */ = {isa = PBXFileReference; lastKnownFileType = image.png; path = drum_face_right.png; sourceTree = "<group>"; };
		50CB200816A1ED3400310C4F /* drum_flat.png */ = {isa = PBXFileReference; lastKnownFileType = image.png; path = drum_flat.png; sourceTree = "<group>"; };
		50CB200916A1ED3400310C4F /* DrumsSheet.PNG */ = {isa = PBXFileReference; lastKnownFileType = image.png; path = DrumsSheet.PNG; sourceTree = "<group>"; };
		50CB200B16A1ED3400310C4F /* flipper_blue.png */ = {isa = PBXFileReference; lastKnownFileType = image.png; path = flipper_blue.png; sourceTree = "<group>"; };
		50CB200C16A1ED3400310C4F /* flipper_blue_grey.png */ = {isa = PBXFileReference; lastKnownFileType = image.png; path = flipper_blue_grey.png; sourceTree = "<group>"; };
		50CB200D16A1ED3400310C4F /* flipper_green.png */ = {isa = PBXFileReference; lastKnownFileType = image.png; path = flipper_green.png; sourceTree = "<group>"; };
		50CB200E16A1ED3400310C4F /* flipper_green_grey.png */ = {isa = PBXFileReference; lastKnownFileType = image.png; path = flipper_green_grey.png; sourceTree = "<group>"; };
		50CB200F16A1ED3400310C4F /* flipper_purple.png */ = {isa = PBXFileReference; lastKnownFileType = image.png; path = flipper_purple.png; sourceTree = "<group>"; };
		50CB201016A1ED3400310C4F /* flipper_purple_grey.png */ = {isa = PBXFileReference; lastKnownFileType = image.png; path = flipper_purple_grey.png; sourceTree = "<group>"; };
		50CB201116A1ED3400310C4F /* flipper_yellow.png */ = {isa = PBXFileReference; lastKnownFileType = image.png; path = flipper_yellow.png; sourceTree = "<group>"; };
		50CB201216A1ED3400310C4F /* flipper_yellow_grey.png */ = {isa = PBXFileReference; lastKnownFileType = image.png; path = flipper_yellow_grey.png; sourceTree = "<group>"; };
		50CB201416A1ED3400310C4F /* gear_blue.png */ = {isa = PBXFileReference; lastKnownFileType = image.png; path = gear_blue.png; sourceTree = "<group>"; };
		50CB201516A1ED3400310C4F /* gear_orange.png */ = {isa = PBXFileReference; lastKnownFileType = image.png; path = gear_orange.png; sourceTree = "<group>"; };
		50CB201616A1ED3400310C4F /* gear_purple.png */ = {isa = PBXFileReference; lastKnownFileType = image.png; path = gear_purple.png; sourceTree = "<group>"; };
		50CB201716A1ED3400310C4F /* gear_red.png */ = {isa = PBXFileReference; lastKnownFileType = image.png; path = gear_red.png; sourceTree = "<group>"; };
		50CB201816A1ED3400310C4F /* small_gear_blue.png */ = {isa = PBXFileReference; lastKnownFileType = image.png; path = small_gear_blue.png; sourceTree = "<group>"; };
		50CB201916A1ED3400310C4F /* small_gear_orange.png */ = {isa = PBXFileReference; lastKnownFileType = image.png; path = small_gear_orange.png; sourceTree = "<group>"; };
		50CB201A16A1ED3400310C4F /* small_gear_purple.png */ = {isa = PBXFileReference; lastKnownFileType = image.png; path = small_gear_purple.png; sourceTree = "<group>"; };
		50CB201B16A1ED3400310C4F /* small_gear_red.png */ = {isa = PBXFileReference; lastKnownFileType = image.png; path = small_gear_red.png; sourceTree = "<group>"; };
		50CB201D16A1ED3400310C4F /* small_star.png */ = {isa = PBXFileReference; lastKnownFileType = image.png; path = small_star.png; sourceTree = "<group>"; };
		50CB201E16A1ED3400310C4F /* small_star_flash.png */ = {isa = PBXFileReference; lastKnownFileType = image.png; path = small_star_flash.png; sourceTree = "<group>"; };
		50CB201F16A1ED3400310C4F /* star_slider.png */ = {isa = PBXFileReference; lastKnownFileType = image.png; path = star_slider.png; sourceTree = "<group>"; };
		50CB202116A1ED3400310C4F /* star.mat */ = {isa = PBXFileReference; lastKnownFileType = file; path = star.mat; sourceTree = "<group>"; };
		50CB202216A1ED3400310C4F /* star.png */ = {isa = PBXFileReference; lastKnownFileType = image.png; path = star.png; sourceTree = "<group>"; };
		50CB202416A1ED3400310C4F /* teeter_blue.png */ = {isa = PBXFileReference; lastKnownFileType = image.png; path = teeter_blue.png; sourceTree = "<group>"; };
		50CB202516A1ED3400310C4F /* teeter_blue_grey.png */ = {isa = PBXFileReference; lastKnownFileType = image.png; path = teeter_blue_grey.png; sourceTree = "<group>"; };
		50CB202616A1ED3400310C4F /* teeter_green.png */ = {isa = PBXFileReference; lastKnownFileType = image.png; path = teeter_green.png; sourceTree = "<group>"; };
		50CB202716A1ED3400310C4F /* teeter_green_grey.png */ = {isa = PBXFileReference; lastKnownFileType = image.png; path = teeter_green_grey.png; sourceTree = "<group>"; };
		50CB202816A1ED3400310C4F /* teeter_purple.png */ = {isa = PBXFileReference; lastKnownFileType = image.png; path = teeter_purple.png; sourceTree = "<group>"; };
		50CB202916A1ED3400310C4F /* teeter_purple_grey.png */ = {isa = PBXFileReference; lastKnownFileType = image.png; path = teeter_purple_grey.png; sourceTree = "<group>"; };
		50CB202A16A1ED3400310C4F /* teeter_totter.png */ = {isa = PBXFileReference; lastKnownFileType = image.png; path = teeter_totter.png; sourceTree = "<group>"; };
		50CB202B16A1ED3400310C4F /* teeter_totter_grey.png */ = {isa = PBXFileReference; lastKnownFileType = image.png; path = teeter_totter_grey.png; sourceTree = "<group>"; };
		50CB202C16A1ED3400310C4F /* teeter_yellow.png */ = {isa = PBXFileReference; lastKnownFileType = image.png; path = teeter_yellow.png; sourceTree = "<group>"; };
		50CB202D16A1ED3400310C4F /* teeter_yellow_grey.png */ = {isa = PBXFileReference; lastKnownFileType = image.png; path = teeter_yellow_grey.png; sourceTree = "<group>"; };
/* End PBXFileReference section */

/* Begin PBXFrameworksBuildPhase section */
		5040D511169A0CBD00ABB956 /* Frameworks */ = {
			isa = PBXFrameworksBuildPhase;
			buildActionMask = 2147483647;
			files = (
				50CB1FEF16A1E7AB00310C4F /* QuartzCore.framework in Frameworks */,
				5040D519169A0CBD00ABB956 /* Cocoa.framework in Frameworks */,
			);
			runOnlyForDeploymentPostprocessing = 0;
		};
		5040D531169A0CBE00ABB956 /* Frameworks */ = {
			isa = PBXFrameworksBuildPhase;
			buildActionMask = 2147483647;
			files = (
				5040D537169A0CBE00ABB956 /* SenTestingKit.framework in Frameworks */,
				5040D538169A0CBE00ABB956 /* Cocoa.framework in Frameworks */,
			);
			runOnlyForDeploymentPostprocessing = 0;
		};
/* End PBXFrameworksBuildPhase section */

/* Begin PBXGroup section */
		5040D509169A0CBD00ABB956 = {
			isa = PBXGroup;
			children = (
				50CB1FEE16A1E7AB00310C4F /* QuartzCore.framework */,
				50CB1FE716A1D1C200310C4F /* classes */,
				5040D54E169A22D700ABB956 /* images */,
				5040D51E169A0CBD00ABB956 /* Feed The Mouse Level Editor */,
				5040D53B169A0CBE00ABB956 /* Feed The Mouse Level EditorTests */,
				5040D517169A0CBD00ABB956 /* Frameworks */,
				5040D515169A0CBD00ABB956 /* Products */,
			);
			sourceTree = "<group>";
		};
		5040D515169A0CBD00ABB956 /* Products */ = {
			isa = PBXGroup;
			children = (
				5040D514169A0CBD00ABB956 /* Feed The Mouse Level Editor.app */,
				5040D535169A0CBE00ABB956 /* Feed The Mouse Level EditorTests.octest */,
			);
			name = Products;
			sourceTree = "<group>";
		};
		5040D517169A0CBD00ABB956 /* Frameworks */ = {
			isa = PBXGroup;
			children = (
				5040D518169A0CBD00ABB956 /* Cocoa.framework */,
				5040D536169A0CBE00ABB956 /* SenTestingKit.framework */,
				5040D51A169A0CBD00ABB956 /* Other Frameworks */,
			);
			name = Frameworks;
			sourceTree = "<group>";
		};
		5040D51A169A0CBD00ABB956 /* Other Frameworks */ = {
			isa = PBXGroup;
			children = (
				5040D51B169A0CBD00ABB956 /* AppKit.framework */,
				5040D51C169A0CBD00ABB956 /* CoreData.framework */,
				5040D51D169A0CBD00ABB956 /* Foundation.framework */,
			);
			name = "Other Frameworks";
			sourceTree = "<group>";
		};
		5040D51E169A0CBD00ABB956 /* Feed The Mouse Level Editor */ = {
			isa = PBXGroup;
			children = (
				5040D52A169A0CBD00ABB956 /* AppDelegate.h */,
				5040D52B169A0CBD00ABB956 /* AppDelegate.m */,
				5040D52D169A0CBE00ABB956 /* MainMenu.xib */,
				50CB1FD716A1B3E400310C4F /* MainWindow.h */,
				50CB1FD816A1B3E400310C4F /* MainWindow.m */,
				5040D51F169A0CBD00ABB956 /* Supporting Files */,
				5040D551169A26FC00ABB956 /* GearButton.h */,
				5040D552169A26FC00ABB956 /* GearButton.m */,
			);
			path = "Feed The Mouse Level Editor";
			sourceTree = "<group>";
		};
		5040D51F169A0CBD00ABB956 /* Supporting Files */ = {
			isa = PBXGroup;
			children = (
				5040D520169A0CBD00ABB956 /* Feed The Mouse Level Editor-Info.plist */,
				5040D521169A0CBD00ABB956 /* InfoPlist.strings */,
				5040D524169A0CBD00ABB956 /* main.m */,
				5040D526169A0CBD00ABB956 /* Feed The Mouse Level Editor-Prefix.pch */,
				5040D527169A0CBD00ABB956 /* Credits.rtf */,
			);
			name = "Supporting Files";
			sourceTree = "<group>";
		};
		5040D53B169A0CBE00ABB956 /* Feed The Mouse Level EditorTests */ = {
			isa = PBXGroup;
			children = (
				5040D541169A0CBE00ABB956 /* Feed_The_Mouse_Level_EditorTests.h */,
				5040D542169A0CBE00ABB956 /* Feed_The_Mouse_Level_EditorTests.m */,
				5040D53C169A0CBE00ABB956 /* Supporting Files */,
			);
			path = "Feed The Mouse Level EditorTests";
			sourceTree = "<group>";
		};
		5040D53C169A0CBE00ABB956 /* Supporting Files */ = {
			isa = PBXGroup;
			children = (
				5040D53D169A0CBE00ABB956 /* Feed The Mouse Level EditorTests-Info.plist */,
				5040D53E169A0CBE00ABB956 /* InfoPlist.strings */,
			);
			name = "Supporting Files";
			sourceTree = "<group>";
		};
		5040D54E169A22D700ABB956 /* images */ = {
			isa = PBXGroup;
			children = (
				50CB1FF416A1ED3400310C4F /* Backgrounds */,
				50CB1FF916A1ED3400310C4F /* cheese.png */,
				50CB1FFA16A1ED3400310C4F /* MouseBlink.png */,
				50CB1FFB16A1ED3400310C4F /* MouseChew.png */,
				50CB1FFC16A1ED3400310C4F /* MouseCloseMouth.PNG */,
				50CB1FFD16A1ED3400310C4F /* MouseOpenMouth.png */,
				50CB1FFE16A1ED3400310C4F /* MouseSad.png */,
				50CB1FFF16A1ED3400310C4F /* MouseWait.png */,
				50CB200016A1ED3400310C4F /* MouseWaitOpen.png */,
				50CB200116A1ED3400310C4F /* newclosemouthsheet.png */,
				50CB200216A1ED3400310C4F /* newopenmouthsheet.png */,
				50CB200316A1ED3400310C4F /* Triggers */,
			);
			name = images;
			sourceTree = "<group>";
		};
		50CB1FE716A1D1C200310C4F /* classes */ = {
			isa = PBXGroup;
			children = (
			);
			name = classes;
			sourceTree = "<group>";
		};
		50CB1FF416A1ED3400310C4F /* Backgrounds */ = {
			isa = PBXGroup;
			children = (
				50CB1FF516A1ED3400310C4F /* background_1.png */,
				50CB1FF616A1ED3400310C4F /* background_2.png */,
				50CB1FF716A1ED3400310C4F /* background_3.png */,
				50CB1FF816A1ED3400310C4F /* background_4.png */,
			);
			name = Backgrounds;
			path = images/Backgrounds;
			sourceTree = "<group>";
		};
		50CB200316A1ED3400310C4F /* Triggers */ = {
			isa = PBXGroup;
			children = (
				50CB200416A1ED3400310C4F /* Drums */,
				50CB200A16A1ED3400310C4F /* Flipper */,
				50CB201316A1ED3400310C4F /* Gear */,
				50CB201C16A1ED3400310C4F /* Slider */,
				50CB202016A1ED3400310C4F /* Star */,
				50CB202316A1ED3400310C4F /* TeeterTotters */,
			);
			name = Triggers;
			path = images/Triggers;
			sourceTree = "<group>";
		};
		50CB200416A1ED3400310C4F /* Drums */ = {
			isa = PBXGroup;
			children = (
				50CB200516A1ED3400310C4F /* Drum.png */,
				50CB200616A1ED3400310C4F /* drum_face_left.png */,
				50CB200716A1ED3400310C4F /* drum_face_right.png */,
				50CB200816A1ED3400310C4F /* drum_flat.png */,
				50CB200916A1ED3400310C4F /* DrumsSheet.PNG */,
			);
			path = Drums;
			sourceTree = "<group>";
		};
		50CB200A16A1ED3400310C4F /* Flipper */ = {
			isa = PBXGroup;
			children = (
				50CB200B16A1ED3400310C4F /* flipper_blue.png */,
				50CB200C16A1ED3400310C4F /* flipper_blue_grey.png */,
				50CB200D16A1ED3400310C4F /* flipper_green.png */,
				50CB200E16A1ED3400310C4F /* flipper_green_grey.png */,
				50CB200F16A1ED3400310C4F /* flipper_purple.png */,
				50CB201016A1ED3400310C4F /* flipper_purple_grey.png */,
				50CB201116A1ED3400310C4F /* flipper_yellow.png */,
				50CB201216A1ED3400310C4F /* flipper_yellow_grey.png */,
			);
			path = Flipper;
			sourceTree = "<group>";
		};
		50CB201316A1ED3400310C4F /* Gear */ = {
			isa = PBXGroup;
			children = (
				50CB201416A1ED3400310C4F /* gear_blue.png */,
				50CB201516A1ED3400310C4F /* gear_orange.png */,
				50CB201616A1ED3400310C4F /* gear_purple.png */,
				50CB201716A1ED3400310C4F /* gear_red.png */,
				50CB201816A1ED3400310C4F /* small_gear_blue.png */,
				50CB201916A1ED3400310C4F /* small_gear_orange.png */,
				50CB201A16A1ED3400310C4F /* small_gear_purple.png */,
				50CB201B16A1ED3400310C4F /* small_gear_red.png */,
			);
			path = Gear;
			sourceTree = "<group>";
		};
		50CB201C16A1ED3400310C4F /* Slider */ = {
			isa = PBXGroup;
			children = (
				50CB201D16A1ED3400310C4F /* small_star.png */,
				50CB201E16A1ED3400310C4F /* small_star_flash.png */,
				50CB201F16A1ED3400310C4F /* star_slider.png */,
			);
			path = Slider;
			sourceTree = "<group>";
		};
		50CB202016A1ED3400310C4F /* Star */ = {
			isa = PBXGroup;
			children = (
				50CB202116A1ED3400310C4F /* star.mat */,
				50CB202216A1ED3400310C4F /* star.png */,
			);
			path = Star;
			sourceTree = "<group>";
		};
		50CB202316A1ED3400310C4F /* TeeterTotters */ = {
			isa = PBXGroup;
			children = (
				50CB202416A1ED3400310C4F /* teeter_blue.png */,
				50CB202516A1ED3400310C4F /* teeter_blue_grey.png */,
				50CB202616A1ED3400310C4F /* teeter_green.png */,
				50CB202716A1ED3400310C4F /* teeter_green_grey.png */,
				50CB202816A1ED3400310C4F /* teeter_purple.png */,
				50CB202916A1ED3400310C4F /* teeter_purple_grey.png */,
				50CB202A16A1ED3400310C4F /* teeter_totter.png */,
				50CB202B16A1ED3400310C4F /* teeter_totter_grey.png */,
				50CB202C16A1ED3400310C4F /* teeter_yellow.png */,
				50CB202D16A1ED3400310C4F /* teeter_yellow_grey.png */,
			);
			path = TeeterTotters;
			sourceTree = "<group>";
		};
/* End PBXGroup section */

/* Begin PBXNativeTarget section */
		5040D513169A0CBD00ABB956 /* Feed The Mouse Level Editor */ = {
			isa = PBXNativeTarget;
			buildConfigurationList = 5040D546169A0CBE00ABB956 /* Build configuration list for PBXNativeTarget "Feed The Mouse Level Editor" */;
			buildPhases = (
				5040D510169A0CBD00ABB956 /* Sources */,
				5040D511169A0CBD00ABB956 /* Frameworks */,
				5040D512169A0CBD00ABB956 /* Resources */,
			);
			buildRules = (
			);
			dependencies = (
			);
			name = "Feed The Mouse Level Editor";
			productName = "Feed The Mouse Level Editor";
			productReference = 5040D514169A0CBD00ABB956 /* Feed The Mouse Level Editor.app */;
			productType = "com.apple.product-type.application";
		};
		5040D534169A0CBE00ABB956 /* Feed The Mouse Level EditorTests */ = {
			isa = PBXNativeTarget;
			buildConfigurationList = 5040D549169A0CBE00ABB956 /* Build configuration list for PBXNativeTarget "Feed The Mouse Level EditorTests" */;
			buildPhases = (
				5040D530169A0CBE00ABB956 /* Sources */,
				5040D531169A0CBE00ABB956 /* Frameworks */,
				5040D532169A0CBE00ABB956 /* Resources */,
				5040D533169A0CBE00ABB956 /* ShellScript */,
			);
			buildRules = (
			);
			dependencies = (
				5040D53A169A0CBE00ABB956 /* PBXTargetDependency */,
			);
			name = "Feed The Mouse Level EditorTests";
			productName = "Feed The Mouse Level EditorTests";
			productReference = 5040D535169A0CBE00ABB956 /* Feed The Mouse Level EditorTests.octest */;
			productType = "com.apple.product-type.bundle";
		};
/* End PBXNativeTarget section */

/* Begin PBXProject section */
		5040D50B169A0CBD00ABB956 /* Project object */ = {
			isa = PBXProject;
			attributes = {
				LastUpgradeCheck = 0450;
				ORGANIZATIONNAME = "Jason Ly";
			};
			buildConfigurationList = 5040D50E169A0CBD00ABB956 /* Build configuration list for PBXProject "Feed The Mouse Level Editor" */;
			compatibilityVersion = "Xcode 3.2";
			developmentRegion = English;
			hasScannedForEncodings = 0;
			knownRegions = (
				en,
			);
			mainGroup = 5040D509169A0CBD00ABB956;
			productRefGroup = 5040D515169A0CBD00ABB956 /* Products */;
			projectDirPath = "";
			projectRoot = "";
			targets = (
				5040D513169A0CBD00ABB956 /* Feed The Mouse Level Editor */,
				5040D534169A0CBE00ABB956 /* Feed The Mouse Level EditorTests */,
			);
		};
/* End PBXProject section */

/* Begin PBXResourcesBuildPhase section */
		5040D512169A0CBD00ABB956 /* Resources */ = {
			isa = PBXResourcesBuildPhase;
			buildActionMask = 2147483647;
			files = (
				5040D523169A0CBD00ABB956 /* InfoPlist.strings in Resources */,
				5040D529169A0CBD00ABB956 /* Credits.rtf in Resources */,
				5040D52F169A0CBE00ABB956 /* MainMenu.xib in Resources */,
				50CB202E16A1ED3500310C4F /* background_1.png in Resources */,
				50CB202F16A1ED3500310C4F /* background_2.png in Resources */,
				50CB203016A1ED3500310C4F /* background_3.png in Resources */,
				50CB203116A1ED3500310C4F /* background_4.png in Resources */,
				50CB203216A1ED3500310C4F /* cheese.png in Resources */,
				50CB203316A1ED3500310C4F /* MouseBlink.png in Resources */,
				50CB203416A1ED3500310C4F /* MouseChew.png in Resources */,
				50CB203516A1ED3500310C4F /* MouseCloseMouth.PNG in Resources */,
				50CB203616A1ED3500310C4F /* MouseOpenMouth.png in Resources */,
				50CB203716A1ED3500310C4F /* MouseSad.png in Resources */,
				50CB203816A1ED3500310C4F /* MouseWait.png in Resources */,
				50CB203916A1ED3500310C4F /* MouseWaitOpen.png in Resources */,
				50CB203A16A1ED3500310C4F /* newclosemouthsheet.png in Resources */,
				50CB203B16A1ED3500310C4F /* newopenmouthsheet.png in Resources */,
				50CB203C16A1ED3500310C4F /* Drum.png in Resources */,
				50CB203D16A1ED3500310C4F /* drum_face_left.png in Resources */,
				50CB203E16A1ED3500310C4F /* drum_face_right.png in Resources */,
				50CB203F16A1ED3500310C4F /* drum_flat.png in Resources */,
				50CB204016A1ED3500310C4F /* DrumsSheet.PNG in Resources */,
				50CB204116A1ED3500310C4F /* flipper_blue.png in Resources */,
				50CB204216A1ED3500310C4F /* flipper_blue_grey.png in Resources */,
				50CB204316A1ED3500310C4F /* flipper_green.png in Resources */,
				50CB204416A1ED3500310C4F /* flipper_green_grey.png in Resources */,
				50CB204516A1ED3500310C4F /* flipper_purple.png in Resources */,
				50CB204616A1ED3500310C4F /* flipper_purple_grey.png in Resources */,
				50CB204716A1ED3500310C4F /* flipper_yellow.png in Resources */,
				50CB204816A1ED3500310C4F /* flipper_yellow_grey.png in Resources */,
				50CB204916A1ED3500310C4F /* gear_blue.png in Resources */,
				50CB204A16A1ED3500310C4F /* gear_orange.png in Resources */,
				50CB204B16A1ED3500310C4F /* gear_purple.png in Resources */,
				50CB204C16A1ED3500310C4F /* gear_red.png in Resources */,
				50CB204D16A1ED3500310C4F /* small_gear_blue.png in Resources */,
				50CB204E16A1ED3500310C4F /* small_gear_orange.png in Resources */,
				50CB204F16A1ED3500310C4F /* small_gear_purple.png in Resources */,
				50CB205016A1ED3500310C4F /* small_gear_red.png in Resources */,
				50CB205116A1ED3500310C4F /* small_star.png in Resources */,
				50CB205216A1ED3500310C4F /* small_star_flash.png in Resources */,
				50CB205316A1ED3500310C4F /* star_slider.png in Resources */,
				50CB205416A1ED3500310C4F /* star.mat in Resources */,
				50CB205516A1ED3500310C4F /* star.png in Resources */,
				50CB205616A1ED3500310C4F /* teeter_blue.png in Resources */,
				50CB205716A1ED3500310C4F /* teeter_blue_grey.png in Resources */,
				50CB205816A1ED3500310C4F /* teeter_green.png in Resources */,
				50CB205916A1ED3500310C4F /* teeter_green_grey.png in Resources */,
				50CB205A16A1ED3500310C4F /* teeter_purple.png in Resources */,
				50CB205B16A1ED3500310C4F /* teeter_purple_grey.png in Resources */,
				50CB205C16A1ED3500310C4F /* teeter_totter.png in Resources */,
				50CB205D16A1ED3500310C4F /* teeter_totter_grey.png in Resources */,
				50CB205E16A1ED3500310C4F /* teeter_yellow.png in Resources */,
				50CB205F16A1ED3500310C4F /* teeter_yellow_grey.png in Resources */,
			);
			runOnlyForDeploymentPostprocessing = 0;
		};
		5040D532169A0CBE00ABB956 /* Resources */ = {
			isa = PBXResourcesBuildPhase;
			buildActionMask = 2147483647;
			files = (
				5040D540169A0CBE00ABB956 /* InfoPlist.strings in Resources */,
			);
			runOnlyForDeploymentPostprocessing = 0;
		};
/* End PBXResourcesBuildPhase section */

/* Begin PBXShellScriptBuildPhase section */
		5040D533169A0CBE00ABB956 /* ShellScript */ = {
			isa = PBXShellScriptBuildPhase;
			buildActionMask = 2147483647;
			files = (
			);
			inputPaths = (
			);
			outputPaths = (
			);
			runOnlyForDeploymentPostprocessing = 0;
			shellPath = /bin/sh;
			shellScript = "# Run the unit tests in this test bundle.\n\"${SYSTEM_DEVELOPER_DIR}/Tools/RunUnitTests\"\n";
		};
/* End PBXShellScriptBuildPhase section */

/* Begin PBXSourcesBuildPhase section */
		5040D510169A0CBD00ABB956 /* Sources */ = {
			isa = PBXSourcesBuildPhase;
			buildActionMask = 2147483647;
			files = (
				5040D525169A0CBD00ABB956 /* main.m in Sources */,
				5040D52C169A0CBD00ABB956 /* AppDelegate.m in Sources */,
				5040D553169A26FC00ABB956 /* GearButton.m in Sources */,
				50CB1FD916A1B3E400310C4F /* MainWindow.m in Sources */,
			);
			runOnlyForDeploymentPostprocessing = 0;
		};
		5040D530169A0CBE00ABB956 /* Sources */ = {
			isa = PBXSourcesBuildPhase;
			buildActionMask = 2147483647;
			files = (
				5040D543169A0CBE00ABB956 /* Feed_The_Mouse_Level_EditorTests.m in Sources */,
			);
			runOnlyForDeploymentPostprocessing = 0;
		};
/* End PBXSourcesBuildPhase section */

/* Begin PBXTargetDependency section */
		5040D53A169A0CBE00ABB956 /* PBXTargetDependency */ = {
			isa = PBXTargetDependency;
			target = 5040D513169A0CBD00ABB956 /* Feed The Mouse Level Editor */;
			targetProxy = 5040D539169A0CBE00ABB956 /* PBXContainerItemProxy */;
		};
/* End PBXTargetDependency section */

/* Begin PBXVariantGroup section */
		5040D521169A0CBD00ABB956 /* InfoPlist.strings */ = {
			isa = PBXVariantGroup;
			children = (
				5040D522169A0CBD00ABB956 /* en */,
			);
			name = InfoPlist.strings;
			sourceTree = "<group>";
		};
		5040D527169A0CBD00ABB956 /* Credits.rtf */ = {
			isa = PBXVariantGroup;
			children = (
				5040D528169A0CBD00ABB956 /* en */,
			);
			name = Credits.rtf;
			sourceTree = "<group>";
		};
		5040D52D169A0CBE00ABB956 /* MainMenu.xib */ = {
			isa = PBXVariantGroup;
			children = (
				5040D52E169A0CBE00ABB956 /* en */,
			);
			name = MainMenu.xib;
			sourceTree = "<group>";
		};
		5040D53E169A0CBE00ABB956 /* InfoPlist.strings */ = {
			isa = PBXVariantGroup;
			children = (
				5040D53F169A0CBE00ABB956 /* en */,
			);
			name = InfoPlist.strings;
			sourceTree = "<group>";
		};
/* End PBXVariantGroup section */

/* Begin XCBuildConfiguration section */
		5040D544169A0CBE00ABB956 /* Debug */ = {
			isa = XCBuildConfiguration;
			buildSettings = {
				ALWAYS_SEARCH_USER_PATHS = NO;
				ARCHS = "$(ARCHS_STANDARD_64_BIT)";
				CLANG_CXX_LANGUAGE_STANDARD = "gnu++0x";
				CLANG_CXX_LIBRARY = "libc++";
				CLANG_WARN_EMPTY_BODY = YES;
				CLANG_WARN__DUPLICATE_METHOD_MATCH = YES;
				COPY_PHASE_STRIP = NO;
				GCC_C_LANGUAGE_STANDARD = gnu99;
				GCC_DYNAMIC_NO_PIC = NO;
				GCC_ENABLE_OBJC_EXCEPTIONS = YES;
				GCC_OPTIMIZATION_LEVEL = 0;
				GCC_PREPROCESSOR_DEFINITIONS = (
					"DEBUG=1",
					"$(inherited)",
				);
				GCC_SYMBOLS_PRIVATE_EXTERN = NO;
				GCC_WARN_64_TO_32_BIT_CONVERSION = YES;
				GCC_WARN_ABOUT_RETURN_TYPE = YES;
				GCC_WARN_UNINITIALIZED_AUTOS = YES;
				GCC_WARN_UNUSED_VARIABLE = YES;
				MACOSX_DEPLOYMENT_TARGET = 10.8;
				ONLY_ACTIVE_ARCH = YES;
				SDKROOT = macosx;
			};
			name = Debug;
		};
		5040D545169A0CBE00ABB956 /* Release */ = {
			isa = XCBuildConfiguration;
			buildSettings = {
				ALWAYS_SEARCH_USER_PATHS = NO;
				ARCHS = "$(ARCHS_STANDARD_64_BIT)";
				CLANG_CXX_LANGUAGE_STANDARD = "gnu++0x";
				CLANG_CXX_LIBRARY = "libc++";
				CLANG_WARN_EMPTY_BODY = YES;
				CLANG_WARN__DUPLICATE_METHOD_MATCH = YES;
				COPY_PHASE_STRIP = YES;
				DEBUG_INFORMATION_FORMAT = "dwarf-with-dsym";
				GCC_C_LANGUAGE_STANDARD = gnu99;
				GCC_ENABLE_OBJC_EXCEPTIONS = YES;
				GCC_WARN_64_TO_32_BIT_CONVERSION = YES;
				GCC_WARN_ABOUT_RETURN_TYPE = YES;
				GCC_WARN_UNINITIALIZED_AUTOS = YES;
				GCC_WARN_UNUSED_VARIABLE = YES;
				MACOSX_DEPLOYMENT_TARGET = 10.8;
				SDKROOT = macosx;
			};
			name = Release;
		};
		5040D547169A0CBE00ABB956 /* Debug */ = {
			isa = XCBuildConfiguration;
			buildSettings = {
				COMBINE_HIDPI_IMAGES = YES;
				GCC_PRECOMPILE_PREFIX_HEADER = YES;
				GCC_PREFIX_HEADER = "Feed The Mouse Level Editor/Feed The Mouse Level Editor-Prefix.pch";
				INFOPLIST_FILE = "Feed The Mouse Level Editor/Feed The Mouse Level Editor-Info.plist";
				PRODUCT_NAME = "$(TARGET_NAME)";
				WRAPPER_EXTENSION = app;
			};
			name = Debug;
		};
		5040D548169A0CBE00ABB956 /* Release */ = {
			isa = XCBuildConfiguration;
			buildSettings = {
				COMBINE_HIDPI_IMAGES = YES;
				GCC_PRECOMPILE_PREFIX_HEADER = YES;
				GCC_PREFIX_HEADER = "Feed The Mouse Level Editor/Feed The Mouse Level Editor-Prefix.pch";
				INFOPLIST_FILE = "Feed The Mouse Level Editor/Feed The Mouse Level Editor-Info.plist";
				PRODUCT_NAME = "$(TARGET_NAME)";
				WRAPPER_EXTENSION = app;
			};
			name = Release;
		};
		5040D54A169A0CBE00ABB956 /* Debug */ = {
			isa = XCBuildConfiguration;
			buildSettings = {
				BUNDLE_LOADER = "$(BUILT_PRODUCTS_DIR)/Feed The Mouse Level Editor.app/Contents/MacOS/Feed The Mouse Level Editor";
				COMBINE_HIDPI_IMAGES = YES;
				FRAMEWORK_SEARCH_PATHS = "\"$(DEVELOPER_LIBRARY_DIR)/Frameworks\"";
				GCC_PRECOMPILE_PREFIX_HEADER = YES;
				GCC_PREFIX_HEADER = "Feed The Mouse Level Editor/Feed The Mouse Level Editor-Prefix.pch";
				INFOPLIST_FILE = "Feed The Mouse Level EditorTests/Feed The Mouse Level EditorTests-Info.plist";
				PRODUCT_NAME = "$(TARGET_NAME)";
				TEST_HOST = "$(BUNDLE_LOADER)";
				WRAPPER_EXTENSION = octest;
			};
			name = Debug;
		};
		5040D54B169A0CBE00ABB956 /* Release */ = {
			isa = XCBuildConfiguration;
			buildSettings = {
				BUNDLE_LOADER = "$(BUILT_PRODUCTS_DIR)/Feed The Mouse Level Editor.app/Contents/MacOS/Feed The Mouse Level Editor";
				COMBINE_HIDPI_IMAGES = YES;
				FRAMEWORK_SEARCH_PATHS = "\"$(DEVELOPER_LIBRARY_DIR)/Frameworks\"";
				GCC_PRECOMPILE_PREFIX_HEADER = YES;
				GCC_PREFIX_HEADER = "Feed The Mouse Level Editor/Feed The Mouse Level Editor-Prefix.pch";
				INFOPLIST_FILE = "Feed The Mouse Level EditorTests/Feed The Mouse Level EditorTests-Info.plist";
				PRODUCT_NAME = "$(TARGET_NAME)";
				TEST_HOST = "$(BUNDLE_LOADER)";
				WRAPPER_EXTENSION = octest;
			};
			name = Release;
		};
/* End XCBuildConfiguration section */

/* Begin XCConfigurationList section */
		5040D50E169A0CBD00ABB956 /* Build configuration list for PBXProject "Feed The Mouse Level Editor" */ = {
			isa = XCConfigurationList;
			buildConfigurations = (
				5040D544169A0CBE00ABB956 /* Debug */,
				5040D545169A0CBE00ABB956 /* Release */,
			);
			defaultConfigurationIsVisible = 0;
			defaultConfigurationName = Release;
		};
		5040D546169A0CBE00ABB956 /* Build configuration list for PBXNativeTarget "Feed The Mouse Level Editor" */ = {
			isa = XCConfigurationList;
			buildConfigurations = (
				5040D547169A0CBE00ABB956 /* Debug */,
				5040D548169A0CBE00ABB956 /* Release */,
			);
			defaultConfigurationIsVisible = 0;
			defaultConfigurationName = Release;
		};
		5040D549169A0CBE00ABB956 /* Build configuration list for PBXNativeTarget "Feed The Mouse Level EditorTests" */ = {
			isa = XCConfigurationList;
			buildConfigurations = (
				5040D54A169A0CBE00ABB956 /* Debug */,
				5040D54B169A0CBE00ABB956 /* Release */,
			);
			defaultConfigurationIsVisible = 0;
			defaultConfigurationName = Release;
		};
/* End XCConfigurationList section */
	};
	rootObject = 5040D50B169A0CBD00ABB956 /* Project object */;
}
